// !$*UTF8*$!
{
	archiveVersion = 1;
	classes = {
	};
	objectVersion = 48;
	objects = {

/* Begin PBXBuildFile section */
		0B6BCF7E0C53973377205383 /* Pods_PrivateMemories.framework in Frameworks */ = {isa = PBXBuildFile; fileRef = ECDC8BB9C836EFA79E5BDE57 /* Pods_PrivateMemories.framework */; };
		E225012E1FCCED7800C10DA3 /* UIImageExtension.swift in Sources */ = {isa = PBXBuildFile; fileRef = E22501271FCCED7700C10DA3 /* UIImageExtension.swift */; };
		E225012F1FCCED7800C10DA3 /* AspectFitButton.swift in Sources */ = {isa = PBXBuildFile; fileRef = E22501281FCCED7700C10DA3 /* AspectFitButton.swift */; };
		E22501301FCCED7800C10DA3 /* ColorExtension.swift in Sources */ = {isa = PBXBuildFile; fileRef = E22501291FCCED7700C10DA3 /* ColorExtension.swift */; };
		E22501311FCCED7800C10DA3 /* CGSizeExtension.swift in Sources */ = {isa = PBXBuildFile; fileRef = E225012A1FCCED7700C10DA3 /* CGSizeExtension.swift */; };
		E22501321FCCED7800C10DA3 /* UIViewExtension.swift in Sources */ = {isa = PBXBuildFile; fileRef = E225012B1FCCED7700C10DA3 /* UIViewExtension.swift */; };
		E22501331FCCED7800C10DA3 /* StringExtension.swift in Sources */ = {isa = PBXBuildFile; fileRef = E225012C1FCCED7800C10DA3 /* StringExtension.swift */; };
		E22501341FCCED7800C10DA3 /* PHAssetExtension.swift in Sources */ = {isa = PBXBuildFile; fileRef = E225012D1FCCED7800C10DA3 /* PHAssetExtension.swift */; };
		E22501371FCCED9B00C10DA3 /* GalleryCollectionViewCell.swift in Sources */ = {isa = PBXBuildFile; fileRef = E22501351FCCED9A00C10DA3 /* GalleryCollectionViewCell.swift */; };
		E22501381FCCED9B00C10DA3 /* TagCollectionViewCell.swift in Sources */ = {isa = PBXBuildFile; fileRef = E22501361FCCED9A00C10DA3 /* TagCollectionViewCell.swift */; };
		E225013D1FCCEDB100C10DA3 /* Main.storyboard in Resources */ = {isa = PBXBuildFile; fileRef = E22501391FCCEDB000C10DA3 /* Main.storyboard */; };
		E225013E1FCCEDB100C10DA3 /* LaunchScreen.storyboard in Resources */ = {isa = PBXBuildFile; fileRef = E225013B1FCCEDB100C10DA3 /* LaunchScreen.storyboard */; };
		E22501411FCD01C000C10DA3 /* LayoutConstants.swift in Sources */ = {isa = PBXBuildFile; fileRef = E22501401FCD01C000C10DA3 /* LayoutConstants.swift */; };
		E22510E21FCD975600F54494 /* AlbumCollectionViewController.swift in Sources */ = {isa = PBXBuildFile; fileRef = E22510E11FCD975600F54494 /* AlbumCollectionViewController.swift */; };
		E22510E41FCD97BD00F54494 /* AlbumCollectionViewCell.swift in Sources */ = {isa = PBXBuildFile; fileRef = E22510E31FCD97BD00F54494 /* AlbumCollectionViewCell.swift */; };
		E22510E61FCD9AAD00F54494 /* AlbumCollectionViewLayout.swift in Sources */ = {isa = PBXBuildFile; fileRef = E22510E51FCD9AAD00F54494 /* AlbumCollectionViewLayout.swift */; };
		E22510E81FCDA40400F54494 /* AlbumViewModel.swift in Sources */ = {isa = PBXBuildFile; fileRef = E22510E71FCDA40400F54494 /* AlbumViewModel.swift */; };
		E22510EE1FCDC6E300F54494 /* CameraViewController.swift in Sources */ = {isa = PBXBuildFile; fileRef = E22510ED1FCDC6E300F54494 /* CameraViewController.swift */; };
		E226035A1FBEFD7D0055568F /* GalleryCollectionViewController+CollectionView.swift in Sources */ = {isa = PBXBuildFile; fileRef = E22603591FBEFD7D0055568F /* GalleryCollectionViewController+CollectionView.swift */; };
		E226035C1FBEFE0F0055568F /* GalleryCollectionViewController+ImagePicker.swift in Sources */ = {isa = PBXBuildFile; fileRef = E226035B1FBEFE0F0055568F /* GalleryCollectionViewController+ImagePicker.swift */; };
		E22788E61FC868CF00C45139 /* GalleryCollectionViewController+GalleryViewModelDelegate.swift in Sources */ = {isa = PBXBuildFile; fileRef = E22788E51FC868CF00C45139 /* GalleryCollectionViewController+GalleryViewModelDelegate.swift */; };
		E22788E81FC8F7B700C45139 /* GalleryCollectionViewController+UISearch.swift in Sources */ = {isa = PBXBuildFile; fileRef = E22788E71FC8F7B700C45139 /* GalleryCollectionViewController+UISearch.swift */; };
		E22B96251FC7AD2800EEF31E /* GalleryViewModel+NSFetchedResultsControllerDelegate.swift in Sources */ = {isa = PBXBuildFile; fileRef = E22B96241FC7AD2700EEF31E /* GalleryViewModel+NSFetchedResultsControllerDelegate.swift */; };
		E22E4F921FCF7C5A002A3CB2 /* GridView.swift in Sources */ = {isa = PBXBuildFile; fileRef = E22E4F911FCF7C5A002A3CB2 /* GridView.swift */; };
		E2310DCF1FBE749400A7B3B2 /* PhotoViewModel.swift in Sources */ = {isa = PBXBuildFile; fileRef = E2310DCE1FBE749400A7B3B2 /* PhotoViewModel.swift */; };
		E2310DD21FBE77C700A7B3B2 /* PickedImage.swift in Sources */ = {isa = PBXBuildFile; fileRef = E2310DD11FBE77C700A7B3B2 /* PickedImage.swift */; };
		E2310DD41FBE862100A7B3B2 /* PhotoDetailsViewController+CollectionViewDataSource.swift in Sources */ = {isa = PBXBuildFile; fileRef = E2310DD31FBE862100A7B3B2 /* PhotoDetailsViewController+CollectionViewDataSource.swift */; };
		E2310DD61FBE863900A7B3B2 /* PhotoDetailsViewController+CollectionViewDelegateFlowLayout.swift in Sources */ = {isa = PBXBuildFile; fileRef = E2310DD51FBE863900A7B3B2 /* PhotoDetailsViewController+CollectionViewDelegateFlowLayout.swift */; };
		E23EA3FF1FC3A7590078A366 /* GalleryViewModel.swift in Sources */ = {isa = PBXBuildFile; fileRef = E23EA3FE1FC3A7590078A366 /* GalleryViewModel.swift */; };
		E255B7391FC7391C001F0E27 /* GalleryCollectionViewController+NohanaImagePicker.swift in Sources */ = {isa = PBXBuildFile; fileRef = E255B7381FC7391C001F0E27 /* GalleryCollectionViewController+NohanaImagePicker.swift */; };
		E2DA41E61FA77BF800DED69C /* AppDelegate.swift in Sources */ = {isa = PBXBuildFile; fileRef = E2DA41E51FA77BF800DED69C /* AppDelegate.swift */; };
		E2DA41EE1FA77BF800DED69C /* PrivateMemories.xcdatamodeld in Sources */ = {isa = PBXBuildFile; fileRef = E2DA41EC1FA77BF800DED69C /* PrivateMemories.xcdatamodeld */; };
		E2DA41FB1FA77D9D00DED69C /* GalleryCollectionViewController.swift in Sources */ = {isa = PBXBuildFile; fileRef = E2DA41FA1FA77D9D00DED69C /* GalleryCollectionViewController.swift */; };
		E2DA42011FA7BEC300DED69C /* PhotoDetailsViewController.swift in Sources */ = {isa = PBXBuildFile; fileRef = E2DA42001FA7BEC300DED69C /* PhotoDetailsViewController.swift */; };
		E2E1D8D81FB29E3B00D8BB05 /* Assets.xcassets in Resources */ = {isa = PBXBuildFile; fileRef = E228CC991FB29BE900453952 /* Assets.xcassets */; };
/* End PBXBuildFile section */

/* Begin PBXFileReference section */
		162604763F4B554FA347A637 /* Pods-PrivateMemories.debug.xcconfig */ = {isa = PBXFileReference; includeInIndex = 1; lastKnownFileType = text.xcconfig; name = "Pods-PrivateMemories.debug.xcconfig"; path = "Pods/Target Support Files/Pods-PrivateMemories/Pods-PrivateMemories.debug.xcconfig"; sourceTree = "<group>"; };
		1BF1283AFD6C408288903DDF /* Pods-PrivateMemories.release.xcconfig */ = {isa = PBXFileReference; includeInIndex = 1; lastKnownFileType = text.xcconfig; name = "Pods-PrivateMemories.release.xcconfig"; path = "Pods/Target Support Files/Pods-PrivateMemories/Pods-PrivateMemories.release.xcconfig"; sourceTree = "<group>"; };
		E22501271FCCED7700C10DA3 /* UIImageExtension.swift */ = {isa = PBXFileReference; fileEncoding = 4; lastKnownFileType = sourcecode.swift; name = UIImageExtension.swift; path = PrivateMemories/Extension/UIImageExtension.swift; sourceTree = SOURCE_ROOT; };
		E22501281FCCED7700C10DA3 /* AspectFitButton.swift */ = {isa = PBXFileReference; fileEncoding = 4; lastKnownFileType = sourcecode.swift; name = AspectFitButton.swift; path = PrivateMemories/Extension/AspectFitButton.swift; sourceTree = SOURCE_ROOT; };
		E22501291FCCED7700C10DA3 /* ColorExtension.swift */ = {isa = PBXFileReference; fileEncoding = 4; lastKnownFileType = sourcecode.swift; name = ColorExtension.swift; path = PrivateMemories/Extension/ColorExtension.swift; sourceTree = SOURCE_ROOT; };
		E225012A1FCCED7700C10DA3 /* CGSizeExtension.swift */ = {isa = PBXFileReference; fileEncoding = 4; lastKnownFileType = sourcecode.swift; name = CGSizeExtension.swift; path = PrivateMemories/Extension/CGSizeExtension.swift; sourceTree = SOURCE_ROOT; };
		E225012B1FCCED7700C10DA3 /* UIViewExtension.swift */ = {isa = PBXFileReference; fileEncoding = 4; lastKnownFileType = sourcecode.swift; name = UIViewExtension.swift; path = PrivateMemories/Extension/UIViewExtension.swift; sourceTree = SOURCE_ROOT; };
		E225012C1FCCED7800C10DA3 /* StringExtension.swift */ = {isa = PBXFileReference; fileEncoding = 4; lastKnownFileType = sourcecode.swift; name = StringExtension.swift; path = PrivateMemories/Extension/StringExtension.swift; sourceTree = SOURCE_ROOT; };
		E225012D1FCCED7800C10DA3 /* PHAssetExtension.swift */ = {isa = PBXFileReference; fileEncoding = 4; lastKnownFileType = sourcecode.swift; name = PHAssetExtension.swift; path = PrivateMemories/Extension/PHAssetExtension.swift; sourceTree = SOURCE_ROOT; };
		E22501351FCCED9A00C10DA3 /* GalleryCollectionViewCell.swift */ = {isa = PBXFileReference; fileEncoding = 4; lastKnownFileType = sourcecode.swift; name = GalleryCollectionViewCell.swift; path = PrivateMemories/View/Cell/GalleryCollectionViewCell.swift; sourceTree = SOURCE_ROOT; };
		E22501361FCCED9A00C10DA3 /* TagCollectionViewCell.swift */ = {isa = PBXFileReference; fileEncoding = 4; lastKnownFileType = sourcecode.swift; name = TagCollectionViewCell.swift; path = PrivateMemories/View/Cell/TagCollectionViewCell.swift; sourceTree = SOURCE_ROOT; };
		E225013A1FCCEDB000C10DA3 /* Base */ = {isa = PBXFileReference; lastKnownFileType = file.storyboard; name = Base; path = PrivateMemories/View/Base.lproj/Main.storyboard; sourceTree = SOURCE_ROOT; };
		E225013C1FCCEDB100C10DA3 /* Base */ = {isa = PBXFileReference; lastKnownFileType = file.storyboard; name = Base; path = PrivateMemories/View/Base.lproj/LaunchScreen.storyboard; sourceTree = SOURCE_ROOT; };
		E22501401FCD01C000C10DA3 /* LayoutConstants.swift */ = {isa = PBXFileReference; lastKnownFileType = sourcecode.swift; path = LayoutConstants.swift; sourceTree = "<group>"; };
		E22510E11FCD975600F54494 /* AlbumCollectionViewController.swift */ = {isa = PBXFileReference; lastKnownFileType = sourcecode.swift; path = AlbumCollectionViewController.swift; sourceTree = "<group>"; };
		E22510E31FCD97BD00F54494 /* AlbumCollectionViewCell.swift */ = {isa = PBXFileReference; lastKnownFileType = sourcecode.swift; name = AlbumCollectionViewCell.swift; path = PrivateMemories/Controller/Album/AlbumCollectionViewCell.swift; sourceTree = SOURCE_ROOT; };
		E22510E51FCD9AAD00F54494 /* AlbumCollectionViewLayout.swift */ = {isa = PBXFileReference; lastKnownFileType = sourcecode.swift; path = AlbumCollectionViewLayout.swift; sourceTree = "<group>"; };
		E22510E71FCDA40400F54494 /* AlbumViewModel.swift */ = {isa = PBXFileReference; lastKnownFileType = sourcecode.swift; path = AlbumViewModel.swift; sourceTree = "<group>"; };
		E22510ED1FCDC6E300F54494 /* CameraViewController.swift */ = {isa = PBXFileReference; lastKnownFileType = sourcecode.swift; path = CameraViewController.swift; sourceTree = "<group>"; };
		E22603591FBEFD7D0055568F /* GalleryCollectionViewController+CollectionView.swift */ = {isa = PBXFileReference; lastKnownFileType = sourcecode.swift; path = "GalleryCollectionViewController+CollectionView.swift"; sourceTree = "<group>"; };
		E226035B1FBEFE0F0055568F /* GalleryCollectionViewController+ImagePicker.swift */ = {isa = PBXFileReference; lastKnownFileType = sourcecode.swift; path = "GalleryCollectionViewController+ImagePicker.swift"; sourceTree = "<group>"; };
		E22788E51FC868CF00C45139 /* GalleryCollectionViewController+GalleryViewModelDelegate.swift */ = {isa = PBXFileReference; lastKnownFileType = sourcecode.swift; path = "GalleryCollectionViewController+GalleryViewModelDelegate.swift"; sourceTree = "<group>"; };
		E22788E71FC8F7B700C45139 /* GalleryCollectionViewController+UISearch.swift */ = {isa = PBXFileReference; lastKnownFileType = sourcecode.swift; path = "GalleryCollectionViewController+UISearch.swift"; sourceTree = "<group>"; };
		E228CC991FB29BE900453952 /* Assets.xcassets */ = {isa = PBXFileReference; lastKnownFileType = folder.assetcatalog; path = Assets.xcassets; sourceTree = "<group>"; };
		E22B96241FC7AD2700EEF31E /* GalleryViewModel+NSFetchedResultsControllerDelegate.swift */ = {isa = PBXFileReference; lastKnownFileType = sourcecode.swift; path = "GalleryViewModel+NSFetchedResultsControllerDelegate.swift"; sourceTree = "<group>"; };
		E22E4F911FCF7C5A002A3CB2 /* GridView.swift */ = {isa = PBXFileReference; lastKnownFileType = sourcecode.swift; path = GridView.swift; sourceTree = "<group>"; };
		E2310DCE1FBE749400A7B3B2 /* PhotoViewModel.swift */ = {isa = PBXFileReference; lastKnownFileType = sourcecode.swift; path = PhotoViewModel.swift; sourceTree = "<group>"; };
		E2310DD11FBE77C700A7B3B2 /* PickedImage.swift */ = {isa = PBXFileReference; lastKnownFileType = sourcecode.swift; path = PickedImage.swift; sourceTree = "<group>"; };
		E2310DD31FBE862100A7B3B2 /* PhotoDetailsViewController+CollectionViewDataSource.swift */ = {isa = PBXFileReference; lastKnownFileType = sourcecode.swift; path = "PhotoDetailsViewController+CollectionViewDataSource.swift"; sourceTree = "<group>"; };
		E2310DD51FBE863900A7B3B2 /* PhotoDetailsViewController+CollectionViewDelegateFlowLayout.swift */ = {isa = PBXFileReference; lastKnownFileType = sourcecode.swift; path = "PhotoDetailsViewController+CollectionViewDelegateFlowLayout.swift"; sourceTree = "<group>"; };
		E23EA3FE1FC3A7590078A366 /* GalleryViewModel.swift */ = {isa = PBXFileReference; lastKnownFileType = sourcecode.swift; path = GalleryViewModel.swift; sourceTree = "<group>"; };
		E255B7381FC7391C001F0E27 /* GalleryCollectionViewController+NohanaImagePicker.swift */ = {isa = PBXFileReference; lastKnownFileType = sourcecode.swift; path = "GalleryCollectionViewController+NohanaImagePicker.swift"; sourceTree = "<group>"; };
		E2DA41E21FA77BF800DED69C /* PrivateMemories.app */ = {isa = PBXFileReference; explicitFileType = wrapper.application; includeInIndex = 0; path = PrivateMemories.app; sourceTree = BUILT_PRODUCTS_DIR; };
		E2DA41E51FA77BF800DED69C /* AppDelegate.swift */ = {isa = PBXFileReference; lastKnownFileType = sourcecode.swift; path = AppDelegate.swift; sourceTree = "<group>"; };
		E2DA41ED1FA77BF800DED69C /* PrivateMemories.xcdatamodel */ = {isa = PBXFileReference; lastKnownFileType = wrapper.xcdatamodel; path = PrivateMemories.xcdatamodel; sourceTree = "<group>"; };
		E2DA41F41FA77BF800DED69C /* Info.plist */ = {isa = PBXFileReference; lastKnownFileType = text.plist.xml; path = Info.plist; sourceTree = "<group>"; };
		E2DA41FA1FA77D9D00DED69C /* GalleryCollectionViewController.swift */ = {isa = PBXFileReference; lastKnownFileType = sourcecode.swift; path = GalleryCollectionViewController.swift; sourceTree = "<group>"; };
		E2DA42001FA7BEC300DED69C /* PhotoDetailsViewController.swift */ = {isa = PBXFileReference; lastKnownFileType = sourcecode.swift; path = PhotoDetailsViewController.swift; sourceTree = "<group>"; };
		ECDC8BB9C836EFA79E5BDE57 /* Pods_PrivateMemories.framework */ = {isa = PBXFileReference; explicitFileType = wrapper.framework; includeInIndex = 0; path = Pods_PrivateMemories.framework; sourceTree = BUILT_PRODUCTS_DIR; };
/* End PBXFileReference section */

/* Begin PBXFrameworksBuildPhase section */
		E2DA41DF1FA77BF800DED69C /* Frameworks */ = {
			isa = PBXFrameworksBuildPhase;
			buildActionMask = 2147483647;
			files = (
				0B6BCF7E0C53973377205383 /* Pods_PrivateMemories.framework in Frameworks */,
			);
			runOnlyForDeploymentPostprocessing = 0;
		};
/* End PBXFrameworksBuildPhase section */

/* Begin PBXGroup section */
		80439EC018E5E76D308B2592 /* Frameworks */ = {
			isa = PBXGroup;
			children = (
				ECDC8BB9C836EFA79E5BDE57 /* Pods_PrivateMemories.framework */,
			);
			name = Frameworks;
			sourceTree = "<group>";
		};
		E22501261FCCED2700C10DA3 /* Album */ = {
			isa = PBXGroup;
			children = (
				E22510E11FCD975600F54494 /* AlbumCollectionViewController.swift */,
			);
			path = Album;
			sourceTree = "<group>";
		};
		E225013F1FCD01A200C10DA3 /* Support */ = {
			isa = PBXGroup;
			children = (
				E22501401FCD01C000C10DA3 /* LayoutConstants.swift */,
				E22E4F911FCF7C5A002A3CB2 /* GridView.swift */,
				E22510E51FCD9AAD00F54494 /* AlbumCollectionViewLayout.swift */,
			);
			path = Support;
			sourceTree = "<group>";
		};
		E22510EF1FCDC6EC00F54494 /* Camera */ = {
			isa = PBXGroup;
			children = (
				E22510ED1FCDC6E300F54494 /* CameraViewController.swift */,
			);
			path = Camera;
			sourceTree = "<group>";
		};
		E228BB6D1FB13C9A006CB9CE /* Model */ = {
			isa = PBXGroup;
			children = (
				E2DA41EC1FA77BF800DED69C /* PrivateMemories.xcdatamodeld */,
			);
			path = Model;
			sourceTree = "<group>";
		};
		E228BB6E1FB13CA2006CB9CE /* View */ = {
			isa = PBXGroup;
			children = (
				E225013B1FCCEDB100C10DA3 /* LaunchScreen.storyboard */,
				E22501391FCCEDB000C10DA3 /* Main.storyboard */,
				E228BB721FB13CE4006CB9CE /* Cell */,
				E225013F1FCD01A200C10DA3 /* Support */,
			);
			name = View;
			path = "New Group";
			sourceTree = "<group>";
		};
		E228BB6F1FB13CAC006CB9CE /* Controller */ = {
			isa = PBXGroup;
			children = (
				E22501261FCCED2700C10DA3 /* Album */,
				E22CE4931FBDDFA00051BF71 /* Gallery */,
				E22CE4941FBDDFA60051BF71 /* Photo */,
				E22510EF1FCDC6EC00F54494 /* Camera */,
			);
			path = Controller;
			sourceTree = "<group>";
		};
		E228BB701FB13CB6006CB9CE /* Extension */ = {
			isa = PBXGroup;
			children = (
				E22501281FCCED7700C10DA3 /* AspectFitButton.swift */,
				E225012A1FCCED7700C10DA3 /* CGSizeExtension.swift */,
				E22501291FCCED7700C10DA3 /* ColorExtension.swift */,
				E225012D1FCCED7800C10DA3 /* PHAssetExtension.swift */,
				E225012C1FCCED7800C10DA3 /* StringExtension.swift */,
				E22501271FCCED7700C10DA3 /* UIImageExtension.swift */,
				E225012B1FCCED7700C10DA3 /* UIViewExtension.swift */,
			);
			name = Extension;
			path = "New Group1";
			sourceTree = "<group>";
		};
		E228BB721FB13CE4006CB9CE /* Cell */ = {
			isa = PBXGroup;
			children = (
				E22501351FCCED9A00C10DA3 /* GalleryCollectionViewCell.swift */,
				E22510E31FCD97BD00F54494 /* AlbumCollectionViewCell.swift */,
				E22501361FCCED9A00C10DA3 /* TagCollectionViewCell.swift */,
			);
			path = Cell;
			sourceTree = "<group>";
		};
		E22CE4931FBDDFA00051BF71 /* Gallery */ = {
			isa = PBXGroup;
			children = (
				E2DA41FA1FA77D9D00DED69C /* GalleryCollectionViewController.swift */,
				E22603591FBEFD7D0055568F /* GalleryCollectionViewController+CollectionView.swift */,
				E22788E71FC8F7B700C45139 /* GalleryCollectionViewController+UISearch.swift */,
				E22788E51FC868CF00C45139 /* GalleryCollectionViewController+GalleryViewModelDelegate.swift */,
				E226035B1FBEFE0F0055568F /* GalleryCollectionViewController+ImagePicker.swift */,
				E255B7381FC7391C001F0E27 /* GalleryCollectionViewController+NohanaImagePicker.swift */,
				E2310DD11FBE77C700A7B3B2 /* PickedImage.swift */,
			);
			path = Gallery;
			sourceTree = "<group>";
		};
		E22CE4941FBDDFA60051BF71 /* Photo */ = {
			isa = PBXGroup;
			children = (
				E2DA42001FA7BEC300DED69C /* PhotoDetailsViewController.swift */,
				E2310DD51FBE863900A7B3B2 /* PhotoDetailsViewController+CollectionViewDelegateFlowLayout.swift */,
				E2310DD31FBE862100A7B3B2 /* PhotoDetailsViewController+CollectionViewDataSource.swift */,
			);
			path = Photo;
			sourceTree = "<group>";
		};
		E2310DCD1FBE744C00A7B3B2 /* ViewModel */ = {
			isa = PBXGroup;
			children = (
				E22510E71FCDA40400F54494 /* AlbumViewModel.swift */,
				E23EA3FE1FC3A7590078A366 /* GalleryViewModel.swift */,
				E22B96241FC7AD2700EEF31E /* GalleryViewModel+NSFetchedResultsControllerDelegate.swift */,
				E2310DCE1FBE749400A7B3B2 /* PhotoViewModel.swift */,
			);
			path = ViewModel;
			sourceTree = "<group>";
		};
		E2DA41D91FA77BF800DED69C = {
			isa = PBXGroup;
			children = (
				E2DA41E41FA77BF800DED69C /* PrivateMemories */,
				E2DA41E31FA77BF800DED69C /* Products */,
				F7166EBAEA5C7259CB5FE00F /* Pods */,
				80439EC018E5E76D308B2592 /* Frameworks */,
			);
			sourceTree = "<group>";
		};
		E2DA41E31FA77BF800DED69C /* Products */ = {
			isa = PBXGroup;
			children = (
				E2DA41E21FA77BF800DED69C /* PrivateMemories.app */,
			);
			name = Products;
			sourceTree = "<group>";
		};
		E2DA41E41FA77BF800DED69C /* PrivateMemories */ = {
			isa = PBXGroup;
			children = (
				E2DA41E51FA77BF800DED69C /* AppDelegate.swift */,
				E228CC991FB29BE900453952 /* Assets.xcassets */,
				E2DA41F41FA77BF800DED69C /* Info.plist */,
				E228BB6D1FB13C9A006CB9CE /* Model */,
				E2310DCD1FBE744C00A7B3B2 /* ViewModel */,
				E228BB6E1FB13CA2006CB9CE /* View */,
				E228BB6F1FB13CAC006CB9CE /* Controller */,
				E228BB701FB13CB6006CB9CE /* Extension */,
			);
			path = PrivateMemories;
			sourceTree = "<group>";
		};
		F7166EBAEA5C7259CB5FE00F /* Pods */ = {
			isa = PBXGroup;
			children = (
				162604763F4B554FA347A637 /* Pods-PrivateMemories.debug.xcconfig */,
				1BF1283AFD6C408288903DDF /* Pods-PrivateMemories.release.xcconfig */,
			);
			name = Pods;
			sourceTree = "<group>";
		};
/* End PBXGroup section */

/* Begin PBXNativeTarget section */
		E2DA41E11FA77BF800DED69C /* PrivateMemories */ = {
			isa = PBXNativeTarget;
			buildConfigurationList = E2DA41F71FA77BF800DED69C /* Build configuration list for PBXNativeTarget "PrivateMemories" */;
			buildPhases = (
				35E8ABCED2E75885DA192841 /* [CP] Check Pods Manifest.lock */,
				E2DA41DE1FA77BF800DED69C /* Sources */,
				E2DA41DF1FA77BF800DED69C /* Frameworks */,
				E2DA41E01FA77BF800DED69C /* Resources */,
				84E158C657CE6C05FD01750A /* [CP] Embed Pods Frameworks */,
				E3E5169CD7F7154A46CB9475 /* [CP] Copy Pods Resources */,
			);
			buildRules = (
			);
			dependencies = (
			);
			name = PrivateMemories;
			productName = PrivateMemories;
			productReference = E2DA41E21FA77BF800DED69C /* PrivateMemories.app */;
			productType = "com.apple.product-type.application";
		};
/* End PBXNativeTarget section */

/* Begin PBXProject section */
		E2DA41DA1FA77BF800DED69C /* Project object */ = {
			isa = PBXProject;
			attributes = {
				LastSwiftUpdateCheck = 0900;
				LastUpgradeCheck = 0900;
				ORGANIZATIONNAME = "Krzysztof Babis";
				TargetAttributes = {
					E2DA41E11FA77BF800DED69C = {
						CreatedOnToolsVersion = 9.0;
						ProvisioningStyle = Automatic;
					};
				};
			};
			buildConfigurationList = E2DA41DD1FA77BF800DED69C /* Build configuration list for PBXProject "PrivateMemories" */;
			compatibilityVersion = "Xcode 8.0";
			developmentRegion = en;
			hasScannedForEncodings = 0;
			knownRegions = (
				en,
				Base,
			);
			mainGroup = E2DA41D91FA77BF800DED69C;
			productRefGroup = E2DA41E31FA77BF800DED69C /* Products */;
			projectDirPath = "";
			projectRoot = "";
			targets = (
				E2DA41E11FA77BF800DED69C /* PrivateMemories */,
			);
		};
/* End PBXProject section */

/* Begin PBXResourcesBuildPhase section */
		E2DA41E01FA77BF800DED69C /* Resources */ = {
			isa = PBXResourcesBuildPhase;
			buildActionMask = 2147483647;
			files = (
				E225013E1FCCEDB100C10DA3 /* LaunchScreen.storyboard in Resources */,
				E2E1D8D81FB29E3B00D8BB05 /* Assets.xcassets in Resources */,
				E225013D1FCCEDB100C10DA3 /* Main.storyboard in Resources */,
			);
			runOnlyForDeploymentPostprocessing = 0;
		};
/* End PBXResourcesBuildPhase section */

/* Begin PBXShellScriptBuildPhase section */
		35E8ABCED2E75885DA192841 /* [CP] Check Pods Manifest.lock */ = {
			isa = PBXShellScriptBuildPhase;
			buildActionMask = 2147483647;
			files = (
			);
			inputPaths = (
			);
			name = "[CP] Check Pods Manifest.lock";
			outputPaths = (
			);
			runOnlyForDeploymentPostprocessing = 0;
			shellPath = /bin/sh;
			shellScript = "diff \"${PODS_PODFILE_DIR_PATH}/Podfile.lock\" \"${PODS_ROOT}/Manifest.lock\" > /dev/null\nif [ $? != 0 ] ; then\n    # print error to STDERR\n    echo \"error: The sandbox is not in sync with the Podfile.lock. Run 'pod install' or update your CocoaPods installation.\" >&2\n    exit 1\nfi\n";
			showEnvVarsInLog = 0;
		};
		84E158C657CE6C05FD01750A /* [CP] Embed Pods Frameworks */ = {
			isa = PBXShellScriptBuildPhase;
			buildActionMask = 2147483647;
			files = (
			);
			inputPaths = (
			);
			name = "[CP] Embed Pods Frameworks";
			outputPaths = (
			);
			runOnlyForDeploymentPostprocessing = 0;
			shellPath = /bin/sh;
			shellScript = "\"${SRCROOT}/Pods/Target Support Files/Pods-PrivateMemories/Pods-PrivateMemories-frameworks.sh\"\n";
			showEnvVarsInLog = 0;
		};
		E3E5169CD7F7154A46CB9475 /* [CP] Copy Pods Resources */ = {
			isa = PBXShellScriptBuildPhase;
			buildActionMask = 2147483647;
			files = (
			);
			inputPaths = (
			);
			name = "[CP] Copy Pods Resources";
			outputPaths = (
			);
			runOnlyForDeploymentPostprocessing = 0;
			shellPath = /bin/sh;
			shellScript = "\"${SRCROOT}/Pods/Target Support Files/Pods-PrivateMemories/Pods-PrivateMemories-resources.sh\"\n";
			showEnvVarsInLog = 0;
		};
/* End PBXShellScriptBuildPhase section */

/* Begin PBXSourcesBuildPhase section */
		E2DA41DE1FA77BF800DED69C /* Sources */ = {
			isa = PBXSourcesBuildPhase;
			buildActionMask = 2147483647;
			files = (
				E22501321FCCED7800C10DA3 /* UIViewExtension.swift in Sources */,
				E22501331FCCED7800C10DA3 /* StringExtension.swift in Sources */,
				E22510E21FCD975600F54494 /* AlbumCollectionViewController.swift in Sources */,
				E2310DD21FBE77C700A7B3B2 /* PickedImage.swift in Sources */,
				E226035A1FBEFD7D0055568F /* GalleryCollectionViewController+CollectionView.swift in Sources */,
				E22501341FCCED7800C10DA3 /* PHAssetExtension.swift in Sources */,
				E22501411FCD01C000C10DA3 /* LayoutConstants.swift in Sources */,
				E22501311FCCED7800C10DA3 /* CGSizeExtension.swift in Sources */,
				E2310DD61FBE863900A7B3B2 /* PhotoDetailsViewController+CollectionViewDelegateFlowLayout.swift in Sources */,
				E22510E41FCD97BD00F54494 /* AlbumCollectionViewCell.swift in Sources */,
				E225012E1FCCED7800C10DA3 /* UIImageExtension.swift in Sources */,
				E22510EE1FCDC6E300F54494 /* CameraViewController.swift in Sources */,
				E22501371FCCED9B00C10DA3 /* GalleryCollectionViewCell.swift in Sources */,
				E22510E61FCD9AAD00F54494 /* AlbumCollectionViewLayout.swift in Sources */,
				E22501381FCCED9B00C10DA3 /* TagCollectionViewCell.swift in Sources */,
				E22788E61FC868CF00C45139 /* GalleryCollectionViewController+GalleryViewModelDelegate.swift in Sources */,
				E23EA3FF1FC3A7590078A366 /* GalleryViewModel.swift in Sources */,
				E2310DD41FBE862100A7B3B2 /* PhotoDetailsViewController+CollectionViewDataSource.swift in Sources */,
				E2DA42011FA7BEC300DED69C /* PhotoDetailsViewController.swift in Sources */,
				E226035C1FBEFE0F0055568F /* GalleryCollectionViewController+ImagePicker.swift in Sources */,
				E2DA41E61FA77BF800DED69C /* AppDelegate.swift in Sources */,
				E22788E81FC8F7B700C45139 /* GalleryCollectionViewController+UISearch.swift in Sources */,
				E22501301FCCED7800C10DA3 /* ColorExtension.swift in Sources */,
				E2DA41EE1FA77BF800DED69C /* PrivateMemories.xcdatamodeld in Sources */,
				E22E4F921FCF7C5A002A3CB2 /* GridView.swift in Sources */,
				E22510E81FCDA40400F54494 /* AlbumViewModel.swift in Sources */,
				E225012F1FCCED7800C10DA3 /* AspectFitButton.swift in Sources */,
				E2DA41FB1FA77D9D00DED69C /* GalleryCollectionViewController.swift in Sources */,
				E255B7391FC7391C001F0E27 /* GalleryCollectionViewController+NohanaImagePicker.swift in Sources */,
				E2310DCF1FBE749400A7B3B2 /* PhotoViewModel.swift in Sources */,
				E22B96251FC7AD2800EEF31E /* GalleryViewModel+NSFetchedResultsControllerDelegate.swift in Sources */,
			);
			runOnlyForDeploymentPostprocessing = 0;
		};
/* End PBXSourcesBuildPhase section */

/* Begin PBXVariantGroup section */
		E22501391FCCEDB000C10DA3 /* Main.storyboard */ = {
			isa = PBXVariantGroup;
			children = (
				E225013A1FCCEDB000C10DA3 /* Base */,
			);
			name = Main.storyboard;
			sourceTree = "<group>";
		};
		E225013B1FCCEDB100C10DA3 /* LaunchScreen.storyboard */ = {
			isa = PBXVariantGroup;
			children = (
				E225013C1FCCEDB100C10DA3 /* Base */,
			);
			name = LaunchScreen.storyboard;
			sourceTree = "<group>";
		};
/* End PBXVariantGroup section */

/* Begin XCBuildConfiguration section */
		E2DA41F51FA77BF800DED69C /* Debug */ = {
			isa = XCBuildConfiguration;
			buildSettings = {
				ALWAYS_SEARCH_USER_PATHS = NO;
				CLANG_ANALYZER_NONNULL = YES;
				CLANG_ANALYZER_NUMBER_OBJECT_CONVERSION = YES_AGGRESSIVE;
				CLANG_CXX_LANGUAGE_STANDARD = "gnu++14";
				CLANG_CXX_LIBRARY = "libc++";
				CLANG_ENABLE_MODULES = YES;
				CLANG_ENABLE_OBJC_ARC = YES;
				CLANG_WARN_BLOCK_CAPTURE_AUTORELEASING = YES;
				CLANG_WARN_BOOL_CONVERSION = YES;
				CLANG_WARN_COMMA = YES;
				CLANG_WARN_CONSTANT_CONVERSION = YES;
				CLANG_WARN_DIRECT_OBJC_ISA_USAGE = YES_ERROR;
				CLANG_WARN_DOCUMENTATION_COMMENTS = YES;
				CLANG_WARN_EMPTY_BODY = YES;
				CLANG_WARN_ENUM_CONVERSION = YES;
				CLANG_WARN_INFINITE_RECURSION = YES;
				CLANG_WARN_INT_CONVERSION = YES;
				CLANG_WARN_NON_LITERAL_NULL_CONVERSION = YES;
				CLANG_WARN_OBJC_LITERAL_CONVERSION = YES;
				CLANG_WARN_OBJC_ROOT_CLASS = YES_ERROR;
				CLANG_WARN_RANGE_LOOP_ANALYSIS = YES;
				CLANG_WARN_STRICT_PROTOTYPES = YES;
				CLANG_WARN_SUSPICIOUS_MOVE = YES;
				CLANG_WARN_UNGUARDED_AVAILABILITY = YES_AGGRESSIVE;
				CLANG_WARN_UNREACHABLE_CODE = YES;
				CLANG_WARN__DUPLICATE_METHOD_MATCH = YES;
				CODE_SIGN_IDENTITY = "iPhone Developer";
				COPY_PHASE_STRIP = NO;
				DEBUG_INFORMATION_FORMAT = dwarf;
				ENABLE_STRICT_OBJC_MSGSEND = YES;
				ENABLE_TESTABILITY = YES;
				GCC_C_LANGUAGE_STANDARD = gnu11;
				GCC_DYNAMIC_NO_PIC = NO;
				GCC_NO_COMMON_BLOCKS = YES;
				GCC_OPTIMIZATION_LEVEL = 0;
				GCC_PREPROCESSOR_DEFINITIONS = (
					"DEBUG=1",
					"$(inherited)",
				);
				GCC_WARN_64_TO_32_BIT_CONVERSION = YES;
				GCC_WARN_ABOUT_RETURN_TYPE = YES_ERROR;
				GCC_WARN_UNDECLARED_SELECTOR = YES;
				GCC_WARN_UNINITIALIZED_AUTOS = YES_AGGRESSIVE;
				GCC_WARN_UNUSED_FUNCTION = YES;
				GCC_WARN_UNUSED_VARIABLE = YES;
				IPHONEOS_DEPLOYMENT_TARGET = 11.0;
				MTL_ENABLE_DEBUG_INFO = YES;
				ONLY_ACTIVE_ARCH = YES;
				SDKROOT = iphoneos;
				SWIFT_ACTIVE_COMPILATION_CONDITIONS = DEBUG;
				SWIFT_OPTIMIZATION_LEVEL = "-Onone";
			};
			name = Debug;
		};
		E2DA41F61FA77BF800DED69C /* Release */ = {
			isa = XCBuildConfiguration;
			buildSettings = {
				ALWAYS_SEARCH_USER_PATHS = NO;
				CLANG_ANALYZER_NONNULL = YES;
				CLANG_ANALYZER_NUMBER_OBJECT_CONVERSION = YES_AGGRESSIVE;
				CLANG_CXX_LANGUAGE_STANDARD = "gnu++14";
				CLANG_CXX_LIBRARY = "libc++";
				CLANG_ENABLE_MODULES = YES;
				CLANG_ENABLE_OBJC_ARC = YES;
				CLANG_WARN_BLOCK_CAPTURE_AUTORELEASING = YES;
				CLANG_WARN_BOOL_CONVERSION = YES;
				CLANG_WARN_COMMA = YES;
				CLANG_WARN_CONSTANT_CONVERSION = YES;
				CLANG_WARN_DIRECT_OBJC_ISA_USAGE = YES_ERROR;
				CLANG_WARN_DOCUMENTATION_COMMENTS = YES;
				CLANG_WARN_EMPTY_BODY = YES;
				CLANG_WARN_ENUM_CONVERSION = YES;
				CLANG_WARN_INFINITE_RECURSION = YES;
				CLANG_WARN_INT_CONVERSION = YES;
				CLANG_WARN_NON_LITERAL_NULL_CONVERSION = YES;
				CLANG_WARN_OBJC_LITERAL_CONVERSION = YES;
				CLANG_WARN_OBJC_ROOT_CLASS = YES_ERROR;
				CLANG_WARN_RANGE_LOOP_ANALYSIS = YES;
				CLANG_WARN_STRICT_PROTOTYPES = YES;
				CLANG_WARN_SUSPICIOUS_MOVE = YES;
				CLANG_WARN_UNGUARDED_AVAILABILITY = YES_AGGRESSIVE;
				CLANG_WARN_UNREACHABLE_CODE = YES;
				CLANG_WARN__DUPLICATE_METHOD_MATCH = YES;
				CODE_SIGN_IDENTITY = "iPhone Developer";
				COPY_PHASE_STRIP = NO;
				DEBUG_INFORMATION_FORMAT = "dwarf-with-dsym";
				ENABLE_NS_ASSERTIONS = NO;
				ENABLE_STRICT_OBJC_MSGSEND = YES;
				GCC_C_LANGUAGE_STANDARD = gnu11;
				GCC_NO_COMMON_BLOCKS = YES;
				GCC_WARN_64_TO_32_BIT_CONVERSION = YES;
				GCC_WARN_ABOUT_RETURN_TYPE = YES_ERROR;
				GCC_WARN_UNDECLARED_SELECTOR = YES;
				GCC_WARN_UNINITIALIZED_AUTOS = YES_AGGRESSIVE;
				GCC_WARN_UNUSED_FUNCTION = YES;
				GCC_WARN_UNUSED_VARIABLE = YES;
				IPHONEOS_DEPLOYMENT_TARGET = 11.0;
				MTL_ENABLE_DEBUG_INFO = NO;
				SDKROOT = iphoneos;
				SWIFT_OPTIMIZATION_LEVEL = "-Owholemodule";
				VALIDATE_PRODUCT = YES;
			};
			name = Release;
		};
		E2DA41F81FA77BF800DED69C /* Debug */ = {
			isa = XCBuildConfiguration;
			baseConfigurationReference = 162604763F4B554FA347A637 /* Pods-PrivateMemories.debug.xcconfig */;
			buildSettings = {
				ASSETCATALOG_COMPILER_APPICON_NAME = AppIcon;
				CODE_SIGN_STYLE = Automatic;
				DEVELOPMENT_TEAM = TX9U4PU7DG;
				INFOPLIST_FILE = PrivateMemories/Info.plist;
				LD_RUNPATH_SEARCH_PATHS = "$(inherited) @executable_path/Frameworks";
				PRODUCT_BUNDLE_IDENTIFIER = com.crunkz.PrivateMemories;
				PRODUCT_NAME = "$(TARGET_NAME)";
				SWIFT_VERSION = 4.0;
				TARGETED_DEVICE_FAMILY = "1,2";
			};
			name = Debug;
		};
		E2DA41F91FA77BF800DED69C /* Release */ = {
			isa = XCBuildConfiguration;
			baseConfigurationReference = 1BF1283AFD6C408288903DDF /* Pods-PrivateMemories.release.xcconfig */;
			buildSettings = {
				ASSETCATALOG_COMPILER_APPICON_NAME = AppIcon;
				CODE_SIGN_STYLE = Automatic;
				DEVELOPMENT_TEAM = TX9U4PU7DG;
				INFOPLIST_FILE = PrivateMemories/Info.plist;
				LD_RUNPATH_SEARCH_PATHS = "$(inherited) @executable_path/Frameworks";
				PRODUCT_BUNDLE_IDENTIFIER = com.crunkz.PrivateMemories;
				PRODUCT_NAME = "$(TARGET_NAME)";
				SWIFT_VERSION = 4.0;
				TARGETED_DEVICE_FAMILY = "1,2";
			};
			name = Release;
		};
/* End XCBuildConfiguration section */

/* Begin XCConfigurationList section */
		E2DA41DD1FA77BF800DED69C /* Build configuration list for PBXProject "PrivateMemories" */ = {
			isa = XCConfigurationList;
			buildConfigurations = (
				E2DA41F51FA77BF800DED69C /* Debug */,
				E2DA41F61FA77BF800DED69C /* Release */,
			);
			defaultConfigurationIsVisible = 0;
			defaultConfigurationName = Release;
		};
		E2DA41F71FA77BF800DED69C /* Build configuration list for PBXNativeTarget "PrivateMemories" */ = {
			isa = XCConfigurationList;
			buildConfigurations = (
				E2DA41F81FA77BF800DED69C /* Debug */,
				E2DA41F91FA77BF800DED69C /* Release */,
			);
			defaultConfigurationIsVisible = 0;
			defaultConfigurationName = Release;
		};
/* End XCConfigurationList section */

/* Begin XCVersionGroup section */
		E2DA41EC1FA77BF800DED69C /* PrivateMemories.xcdatamodeld */ = {
			isa = XCVersionGroup;
			children = (
				E2DA41ED1FA77BF800DED69C /* PrivateMemories.xcdatamodel */,
			);
			currentVersion = E2DA41ED1FA77BF800DED69C /* PrivateMemories.xcdatamodel */;
			path = PrivateMemories.xcdatamodeld;
			sourceTree = "<group>";
			versionGroupType = wrapper.xcdatamodel;
		};
/* End XCVersionGroup section */
	};
	rootObject = E2DA41DA1FA77BF800DED69C /* Project object */;
}
